{
    "graphaware/neo4j-bolt": {
        "version": "1.4.0"
    },
    "graphaware/neo4j-common": {
        "version": "2.2.1"
    },
    "graphaware/neo4j-php-client": {
        "version": "4.2.1"
    },
    "guzzlehttp/guzzle": {
        "version": "6.3-dev"
    },
    "guzzlehttp/promises": {
        "version": "1.4-dev"
    },
    "guzzlehttp/psr7": {
        "version": "1.5-dev"
    },
    "myclabs/php-enum": {
        "version": "1.6.4"
    },
    "psr/http-message": {
        "version": "1.0.x-dev"
    },
    "ralouphie/getallheaders": {
        "version": "3.0.2"
    },
    "symfony/flex": {
        "version": "1.0",
        "recipe": {
            "repo": "github.com/symfony/recipes",
            "branch": "master",
            "version": "1.0",
            "ref": "5f8a51c0fad684396f6b6c0fd770e043439cb632"
        }
    },
    "symfony/messenger": {
        "version": "4.1",
        "recipe": {
            "repo": "github.com/symfony/recipes",
            "branch": "master",
            "version": "4.1",
            "ref": "f11dfa18618a8a5dd853ea3a302db2e0557e031c"
        }
    }
}
