{
    "aggrego/basic-block-domain-profile": {
        "version": "dev-master"
    },
    "aggrego/command-consumer": {
        "version": "dev-master"
    },
    "aggrego/command-logic-unit": {
        "version": "dev-master"
    },
    "aggrego/data-board": {
        "version": "dev-master"
    },
    "aggrego/domain": {
        "version": "dev-master"
    },
    "aggrego/domain-event-producer": {
        "version": "dev-master"
    },
    "aggrego/event-consumer": {
        "version": "dev-master"
    },
    "aggrego/file-domain-repository": {
        "version": "dev-master"
    },
    "aggrego/messenger-command-consumer": {
        "version": "dev-master"
    },
    "aggrego/neo4j-integration": {
        "version": "dev-master"
    },
    "beberlei/assert": {
        "version": "v3.2.0"
    },
    "behat/behat": {
        "version": "3.5.x-dev"
    },
    "behat/gherkin": {
        "version": "v4.5.1"
    },
    "behat/transliterator": {
        "version": "1.2-dev"
    },
    "composer/semver": {
        "version": "1.4.2"
    },
    "container-interop/container-interop": {
        "version": "1.2.0"
    },
    "doctrine/instantiator": {
        "version": "1.2.x-dev"
    },
    "graphaware/neo4j-bolt": {
        "version": "1.4.0"
    },
    "graphaware/neo4j-common": {
        "version": "2.2.1"
    },
    "graphaware/neo4j-php-client": {
        "version": "4.2.1"
    },
    "guzzlehttp/guzzle": {
        "version": "6.3-dev"
    },
    "guzzlehttp/promises": {
        "version": "1.4-dev"
    },
    "guzzlehttp/psr7": {
        "version": "1.5-dev"
    },
    "myclabs/php-enum": {
        "version": "1.6.4"
    },
    "paragonie/random_compat": {
        "version": "v9.99.99"
    },
    "phpdocumentor/reflection-common": {
        "version": "1.0.1"
    },
    "phpdocumentor/reflection-docblock": {
        "version": "4.3.0"
    },
    "phpdocumentor/type-resolver": {
        "version": "0.4.0"
    },
    "phpspec/php-diff": {
        "version": "v1.1.0"
    },
    "phpspec/phpspec": {
        "version": "5.1.x-dev"
    },
    "phpspec/prophecy": {
        "version": "1.8.x-dev"
    },
    "psr/container": {
        "version": "1.0.x-dev"
    },
    "psr/http-message": {
        "version": "1.0.x-dev"
    },
    "ralouphie/getallheaders": {
        "version": "3.0.2"
    },
    "ramsey/uuid": {
        "version": "3.x-dev"
    },
    "sebastian/comparator": {
        "version": "3.0-dev"
    },
    "sebastian/diff": {
        "version": "3.0-dev"
    },
    "sebastian/exporter": {
        "version": "3.1.x-dev"
    },
    "sebastian/recursion-context": {
        "version": "3.0.x-dev"
    },
    "symfony/config": {
        "version": "4.3-dev"
    },
    "symfony/console": {
        "version": "3.3",
        "recipe": {
            "repo": "github.com/symfony/recipes",
            "branch": "master",
            "version": "3.3",
            "ref": "0fa049c19069a65f52c1c181d64be3de672c1504"
        }
    },
    "symfony/contracts": {
        "version": "1.0-dev"
    },
    "symfony/dependency-injection": {
        "version": "4.3-dev"
    },
    "symfony/event-dispatcher": {
        "version": "3.4.x-dev"
    },
    "symfony/filesystem": {
        "version": "4.3-dev"
    },
    "symfony/finder": {
        "version": "4.3-dev"
    },
    "symfony/flex": {
        "version": "1.0",
        "recipe": {
            "repo": "github.com/symfony/recipes",
            "branch": "master",
            "version": "1.0",
            "ref": "5f8a51c0fad684396f6b6c0fd770e043439cb632"
        }
    },
    "symfony/messenger": {
        "version": "4.1",
        "recipe": {
            "repo": "github.com/symfony/recipes",
            "branch": "master",
            "version": "4.1",
            "ref": "f11dfa18618a8a5dd853ea3a302db2e0557e031c"
        }
    },
    "symfony/polyfill-ctype": {
        "version": "v1.10.0"
    },
    "symfony/polyfill-mbstring": {
        "version": "v1.10.0"
    },
    "symfony/polyfill-php73": {
        "version": "v1.10.0"
    },
    "symfony/process": {
        "version": "4.3-dev"
    },
    "symfony/translation": {
        "version": "3.3",
        "recipe": {
            "repo": "github.com/symfony/recipes",
            "branch": "master",
            "version": "3.3",
            "ref": "1fb02a6e1c8f3d4232cce485c9afa868d63b115a"
        }
    },
    "symfony/yaml": {
        "version": "4.3-dev"
    },
    "timitao/behat-symfony-container": {
        "version": "v1.1"
    },
    "timitao/value-object": {
        "version": "dev-master"
    },
    "webmozart/assert": {
        "version": "1.4.0"
    },
    "wikimedia/composer-merge-plugin": {
        "version": "v1.4.1"
    }
}
